
Microsoft Visual Studio Solution File, Format Version 12.00
# Visual Studio Version 17
VisualStudioVersion = 17.12.35514.174
MinimumVisualStudioVersion = 10.0.40219.1
Project("{FAE04EC0-301F-11D3-BF4B-00C04F79EFBC}") = "Classes", "ClassesMetodos\Classes.csproj", "{26030BA9-8909-43DD-8CFB-686462F4EC79}"
EndProject
Project("{FAE04EC0-301F-11D3-BF4B-00C04F79EFBC}") = "Metodos", "Metodos\Metodos.csproj", "{3CF2D31B-A3BC-4CDA-AF2D-E0A4A83D11DF}"
EndProject
Project("{FAE04EC0-301F-11D3-BF4B-00C04F79EFBC}") = "MetodosParametros", "MetodosParametros\MetodosParametros.csproj", "{6F693A82-38D4-47FE-913F-536B8BF372F1}"
EndProject
Project("{FAE04EC0-301F-11D3-BF4B-00C04F79EFBC}") = "Construtores", "Construtores\Construtores.csproj", "{C1A9E687-ADE3-41DB-A2D8-D5631B4D6BB6}"
EndProject
Project("{FAE04EC0-301F-11D3-BF4B-00C04F79EFBC}") = "Construtores2", "Construtores2\Construtores2.csproj", "{99A4DFFD-9B8E-444D-BAFF-88D4E273D2BD}"
EndProject
Project("{FAE04EC0-301F-11D3-BF4B-00C04F79EFBC}") = "MetodoDeRetorno", "MetodoDeRetorno\MetodoDeRetorno.csproj", "{C8D375DC-DB6B-4893-9809-4B65716DE430}"
EndProject
Project("{FAE04EC0-301F-11D3-BF4B-00C04F79EFBC}") = "SobrecargaDeMetodos", "SobrecargaDeMetodos\SobrecargaDeMetodos.csproj", "{76948FEF-CE2E-4D7F-8917-EF7CBC0A7AF0}"
EndProject
Project("{FAE04EC0-301F-11D3-BF4B-00C04F79EFBC}") = "ExemploPratico", "ExemploPratico\ExemploPratico.csproj", "{BAAC7E9E-1D1C-44D8-8A1F-D7389F38DF43}"
EndProject
Project("{FAE04EC0-301F-11D3-BF4B-00C04F79EFBC}") = "PassagemArgumentosPorValor", "PassagemArgumentosPorValor\PassagemArgumentosPorValor.csproj", "{CB1979FF-E800-4C58-B92C-1F312A015E32}"
EndProject
Project("{FAE04EC0-301F-11D3-BF4B-00C04F79EFBC}") = "PassagemArgumentoPorReferenciaOut", "PassagemArgumentoPorReferenciaOut\PassagemArgumentoPorReferenciaOut.csproj", "{DC18EC24-FFFB-48D8-9D48-D1BEB63893D5}"
EndProject
Project("{FAE04EC0-301F-11D3-BF4B-00C04F79EFBC}") = "ArgumentosNomeados", "ArgumentosNomeados\ArgumentosNomeados.csproj", "{C7795BC4-FF46-42C8-A4E9-F20641398E59}"
EndProject
Project("{FAE04EC0-301F-11D3-BF4B-00C04F79EFBC}") = "ConstrutorEstatico", "ConstrutorEstatico\ConstrutorEstatico.csproj", "{71F13CFD-CC71-4F15-A827-8485678224F5}"
EndProject
Project("{FAE04EC0-301F-11D3-BF4B-00C04F79EFBC}") = "Propriedades", "Propriedades\Propriedades.csproj", "{19D9447F-0359-4C6C-B28D-BBF3111A6662}"
EndProject
Project("{FAE04EC0-301F-11D3-BF4B-00C04F79EFBC}") = "Struct", "Struct\Struct.csproj", "{B68776B4-8B83-40E5-9BEB-8925BD28F90E}"
EndProject
Project("{FAE04EC0-301F-11D3-BF4B-00C04F79EFBC}") = "Enumeration", "Enumeration\Enumeration.csproj", "{CC2D386C-FA7D-4493-AF25-2157A9149BF5}"
EndProject
Project("{FAE04EC0-301F-11D3-BF4B-00C04F79EFBC}") = "TratamentoError", "TratamentoError\TratamentoError.csproj", "{28836B5C-2F2D-4B2C-8959-EDA89826FFF6}"
EndProject
Project("{FAE04EC0-301F-11D3-BF4B-00C04F79EFBC}") = "TiposAnonimos", "TiposAnonimos\TiposAnonimos.csproj", "{77EF8A32-EECA-44A3-919E-813B6EC0DCB9}"
EndProject
Project("{FAE04EC0-301F-11D3-BF4B-00C04F79EFBC}") = "PartialClass", "PartialClass\PartialClass.csproj", "{55FBA0BB-3957-4D02-A6DA-304332A0D5D9}"
EndProject
Global
	GlobalSection(SolutionConfigurationPlatforms) = preSolution
		Debug|Any CPU = Debug|Any CPU
		Release|Any CPU = Release|Any CPU
	EndGlobalSection
	GlobalSection(ProjectConfigurationPlatforms) = postSolution
		{26030BA9-8909-43DD-8CFB-686462F4EC79}.Debug|Any CPU.ActiveCfg = Debug|Any CPU
		{26030BA9-8909-43DD-8CFB-686462F4EC79}.Debug|Any CPU.Build.0 = Debug|Any CPU
		{26030BA9-8909-43DD-8CFB-686462F4EC79}.Release|Any CPU.ActiveCfg = Release|Any CPU
		{26030BA9-8909-43DD-8CFB-686462F4EC79}.Release|Any CPU.Build.0 = Release|Any CPU
		{3CF2D31B-A3BC-4CDA-AF2D-E0A4A83D11DF}.Debug|Any CPU.ActiveCfg = Debug|Any CPU
		{3CF2D31B-A3BC-4CDA-AF2D-E0A4A83D11DF}.Debug|Any CPU.Build.0 = Debug|Any CPU
		{3CF2D31B-A3BC-4CDA-AF2D-E0A4A83D11DF}.Release|Any CPU.ActiveCfg = Release|Any CPU
		{3CF2D31B-A3BC-4CDA-AF2D-E0A4A83D11DF}.Release|Any CPU.Build.0 = Release|Any CPU
		{6F693A82-38D4-47FE-913F-536B8BF372F1}.Debug|Any CPU.ActiveCfg = Debug|Any CPU
		{6F693A82-38D4-47FE-913F-536B8BF372F1}.Debug|Any CPU.Build.0 = Debug|Any CPU
		{6F693A82-38D4-47FE-913F-536B8BF372F1}.Release|Any CPU.ActiveCfg = Release|Any CPU
		{6F693A82-38D4-47FE-913F-536B8BF372F1}.Release|Any CPU.Build.0 = Release|Any CPU
		{C1A9E687-ADE3-41DB-A2D8-D5631B4D6BB6}.Debug|Any CPU.ActiveCfg = Debug|Any CPU
		{C1A9E687-ADE3-41DB-A2D8-D5631B4D6BB6}.Debug|Any CPU.Build.0 = Debug|Any CPU
		{C1A9E687-ADE3-41DB-A2D8-D5631B4D6BB6}.Release|Any CPU.ActiveCfg = Release|Any CPU
		{C1A9E687-ADE3-41DB-A2D8-D5631B4D6BB6}.Release|Any CPU.Build.0 = Release|Any CPU
		{99A4DFFD-9B8E-444D-BAFF-88D4E273D2BD}.Debug|Any CPU.ActiveCfg = Debug|Any CPU
		{99A4DFFD-9B8E-444D-BAFF-88D4E273D2BD}.Debug|Any CPU.Build.0 = Debug|Any CPU
		{99A4DFFD-9B8E-444D-BAFF-88D4E273D2BD}.Release|Any CPU.ActiveCfg = Release|Any CPU
		{99A4DFFD-9B8E-444D-BAFF-88D4E273D2BD}.Release|Any CPU.Build.0 = Release|Any CPU
		{C8D375DC-DB6B-4893-9809-4B65716DE430}.Debug|Any CPU.ActiveCfg = Debug|Any CPU
		{C8D375DC-DB6B-4893-9809-4B65716DE430}.Debug|Any CPU.Build.0 = Debug|Any CPU
		{C8D375DC-DB6B-4893-9809-4B65716DE430}.Release|Any CPU.ActiveCfg = Release|Any CPU
		{C8D375DC-DB6B-4893-9809-4B65716DE430}.Release|Any CPU.Build.0 = Release|Any CPU
		{76948FEF-CE2E-4D7F-8917-EF7CBC0A7AF0}.Debug|Any CPU.ActiveCfg = Debug|Any CPU
		{76948FEF-CE2E-4D7F-8917-EF7CBC0A7AF0}.Debug|Any CPU.Build.0 = Debug|Any CPU
		{76948FEF-CE2E-4D7F-8917-EF7CBC0A7AF0}.Release|Any CPU.ActiveCfg = Release|Any CPU
		{76948FEF-CE2E-4D7F-8917-EF7CBC0A7AF0}.Release|Any CPU.Build.0 = Release|Any CPU
		{BAAC7E9E-1D1C-44D8-8A1F-D7389F38DF43}.Debug|Any CPU.ActiveCfg = Debug|Any CPU
		{BAAC7E9E-1D1C-44D8-8A1F-D7389F38DF43}.Debug|Any CPU.Build.0 = Debug|Any CPU
		{BAAC7E9E-1D1C-44D8-8A1F-D7389F38DF43}.Release|Any CPU.ActiveCfg = Release|Any CPU
		{BAAC7E9E-1D1C-44D8-8A1F-D7389F38DF43}.Release|Any CPU.Build.0 = Release|Any CPU
		{CB1979FF-E800-4C58-B92C-1F312A015E32}.Debug|Any CPU.ActiveCfg = Debug|Any CPU
		{CB1979FF-E800-4C58-B92C-1F312A015E32}.Debug|Any CPU.Build.0 = Debug|Any CPU
		{CB1979FF-E800-4C58-B92C-1F312A015E32}.Release|Any CPU.ActiveCfg = Release|Any CPU
		{CB1979FF-E800-4C58-B92C-1F312A015E32}.Release|Any CPU.Build.0 = Release|Any CPU
		{DC18EC24-FFFB-48D8-9D48-D1BEB63893D5}.Debug|Any CPU.ActiveCfg = Debug|Any CPU
		{DC18EC24-FFFB-48D8-9D48-D1BEB63893D5}.Debug|Any CPU.Build.0 = Debug|Any CPU
		{DC18EC24-FFFB-48D8-9D48-D1BEB63893D5}.Release|Any CPU.ActiveCfg = Release|Any CPU
		{DC18EC24-FFFB-48D8-9D48-D1BEB63893D5}.Release|Any CPU.Build.0 = Release|Any CPU
		{C7795BC4-FF46-42C8-A4E9-F20641398E59}.Debug|Any CPU.ActiveCfg = Debug|Any CPU
		{C7795BC4-FF46-42C8-A4E9-F20641398E59}.Debug|Any CPU.Build.0 = Debug|Any CPU
		{C7795BC4-FF46-42C8-A4E9-F20641398E59}.Release|Any CPU.ActiveCfg = Release|Any CPU
		{C7795BC4-FF46-42C8-A4E9-F20641398E59}.Release|Any CPU.Build.0 = Release|Any CPU
		{71F13CFD-CC71-4F15-A827-8485678224F5}.Debug|Any CPU.ActiveCfg = Debug|Any CPU
		{71F13CFD-CC71-4F15-A827-8485678224F5}.Debug|Any CPU.Build.0 = Debug|Any CPU
		{71F13CFD-CC71-4F15-A827-8485678224F5}.Release|Any CPU.ActiveCfg = Release|Any CPU
		{71F13CFD-CC71-4F15-A827-8485678224F5}.Release|Any CPU.Build.0 = Release|Any CPU
		{19D9447F-0359-4C6C-B28D-BBF3111A6662}.Debug|Any CPU.ActiveCfg = Debug|Any CPU
		{19D9447F-0359-4C6C-B28D-BBF3111A6662}.Debug|Any CPU.Build.0 = Debug|Any CPU
		{19D9447F-0359-4C6C-B28D-BBF3111A6662}.Release|Any CPU.ActiveCfg = Release|Any CPU
		{19D9447F-0359-4C6C-B28D-BBF3111A6662}.Release|Any CPU.Build.0 = Release|Any CPU
		{B68776B4-8B83-40E5-9BEB-8925BD28F90E}.Debug|Any CPU.ActiveCfg = Debug|Any CPU
		{B68776B4-8B83-40E5-9BEB-8925BD28F90E}.Debug|Any CPU.Build.0 = Debug|Any CPU
		{B68776B4-8B83-40E5-9BEB-8925BD28F90E}.Release|Any CPU.ActiveCfg = Release|Any CPU
		{B68776B4-8B83-40E5-9BEB-8925BD28F90E}.Release|Any CPU.Build.0 = Release|Any CPU
		{CC2D386C-FA7D-4493-AF25-2157A9149BF5}.Debug|Any CPU.ActiveCfg = Debug|Any CPU
		{CC2D386C-FA7D-4493-AF25-2157A9149BF5}.Debug|Any CPU.Build.0 = Debug|Any CPU
		{CC2D386C-FA7D-4493-AF25-2157A9149BF5}.Release|Any CPU.ActiveCfg = Release|Any CPU
		{CC2D386C-FA7D-4493-AF25-2157A9149BF5}.Release|Any CPU.Build.0 = Release|Any CPU
		{28836B5C-2F2D-4B2C-8959-EDA89826FFF6}.Debug|Any CPU.ActiveCfg = Debug|Any CPU
		{28836B5C-2F2D-4B2C-8959-EDA89826FFF6}.Debug|Any CPU.Build.0 = Debug|Any CPU
		{28836B5C-2F2D-4B2C-8959-EDA89826FFF6}.Release|Any CPU.ActiveCfg = Release|Any CPU
		{28836B5C-2F2D-4B2C-8959-EDA89826FFF6}.Release|Any CPU.Build.0 = Release|Any CPU
		{77EF8A32-EECA-44A3-919E-813B6EC0DCB9}.Debug|Any CPU.ActiveCfg = Debug|Any CPU
		{77EF8A32-EECA-44A3-919E-813B6EC0DCB9}.Debug|Any CPU.Build.0 = Debug|Any CPU
		{77EF8A32-EECA-44A3-919E-813B6EC0DCB9}.Release|Any CPU.ActiveCfg = Release|Any CPU
		{77EF8A32-EECA-44A3-919E-813B6EC0DCB9}.Release|Any CPU.Build.0 = Release|Any CPU
		{55FBA0BB-3957-4D02-A6DA-304332A0D5D9}.Debug|Any CPU.ActiveCfg = Debug|Any CPU
		{55FBA0BB-3957-4D02-A6DA-304332A0D5D9}.Debug|Any CPU.Build.0 = Debug|Any CPU
		{55FBA0BB-3957-4D02-A6DA-304332A0D5D9}.Release|Any CPU.ActiveCfg = Release|Any CPU
		{55FBA0BB-3957-4D02-A6DA-304332A0D5D9}.Release|Any CPU.Build.0 = Release|Any CPU
	EndGlobalSection
	GlobalSection(SolutionProperties) = preSolution
		HideSolutionNode = FALSE
	EndGlobalSection
EndGlobal
